<?xml version="1.0" encoding="UTF-8"?>
<CodeBlocks_project_file>
	<FileVersion major="1" minor="6"/>
	<Project>
		<Option title="project_sartori"/>
		<Option makefile_is_custom="1"/>
		<Option compiler="gcc"/>
		<Option virtualFolders="CMake Files\;CMake Files\..\;CMake Files\..\..\;CMake Files\..\..\..\;CMake Files\..\..\..\..\;CMake Files\..\..\..\..\..\;CMake Files\..\..\..\..\..\usr\;CMake Files\..\..\..\..\..\usr\local\;CMake Files\..\..\..\..\..\usr\local\share\;CMake Files\..\..\..\..\..\usr\local\share\OpenCV\;"/>
		<Build>
			<Target title="all">
				<Option working_dir="/home/leonardo/Documents/computer_vision/project"/>
				<Option type="4"/>
				<MakeCommands>
					<Build command="/usr/bin/make -f &quot;/home/leonardo/Documents/computer_vision/project/Makefile&quot;  VERBOSE=1 all"/>
					<CompileFile command="/usr/bin/make -f &quot;/home/leonardo/Documents/computer_vision/project/Makefile&quot;  VERBOSE=1 &quot;$file&quot;"/>
					<Clean command="/usr/bin/make -f &quot;/home/leonardo/Documents/computer_vision/project/Makefile&quot;  VERBOSE=1 clean"/>
					<DistClean command="/usr/bin/make -f &quot;/home/leonardo/Documents/computer_vision/project/Makefile&quot;  VERBOSE=1 clean"/>
				</MakeCommands>
			</Target>
			<Target title="rebuild_cache">
				<Option working_dir="/home/leonardo/Documents/computer_vision/project"/>
				<Option type="4"/>
				<MakeCommands>
					<Build command="/usr/bin/make -f &quot;/home/leonardo/Documents/computer_vision/project/Makefile&quot;  VERBOSE=1 rebuild_cache"/>
					<CompileFile command="/usr/bin/make -f &quot;/home/leonardo/Documents/computer_vision/project/Makefile&quot;  VERBOSE=1 &quot;$file&quot;"/>
					<Clean command="/usr/bin/make -f &quot;/home/leonardo/Documents/computer_vision/project/Makefile&quot;  VERBOSE=1 clean"/>
					<DistClean command="/usr/bin/make -f &quot;/home/leonardo/Documents/computer_vision/project/Makefile&quot;  VERBOSE=1 clean"/>
				</MakeCommands>
			</Target>
			<Target title="project_sartori">
				<Option output="/home/leonardo/Documents/computer_vision/project/project_sartori" prefix_auto="0" extension_auto="0"/>
				<Option working_dir="/home/leonardo/Documents/computer_vision/project"/>
				<Option object_output="./"/>
				<Option type="1"/>
				<Option compiler="gcc"/>
				<Compiler>
					<Add directory="/home/leonardo/Documents/computer_vision/project/include"/>
					<Add directory="/usr/local/include/opencv"/>
				</Compiler>
				<MakeCommands>
					<Build command="/usr/bin/make -f &quot;/home/leonardo/Documents/computer_vision/project/Makefile&quot;  VERBOSE=1 project_sartori"/>
					<CompileFile command="/usr/bin/make -f &quot;/home/leonardo/Documents/computer_vision/project/Makefile&quot;  VERBOSE=1 &quot;$file&quot;"/>
					<Clean command="/usr/bin/make -f &quot;/home/leonardo/Documents/computer_vision/project/Makefile&quot;  VERBOSE=1 clean"/>
					<DistClean command="/usr/bin/make -f &quot;/home/leonardo/Documents/computer_vision/project/Makefile&quot;  VERBOSE=1 clean"/>
				</MakeCommands>
			</Target>
			<Target title="project_sartori/fast">
				<Option output="/home/leonardo/Documents/computer_vision/project/project_sartori" prefix_auto="0" extension_auto="0"/>
				<Option working_dir="/home/leonardo/Documents/computer_vision/project"/>
				<Option object_output="./"/>
				<Option type="1"/>
				<Option compiler="gcc"/>
				<Compiler>
					<Add directory="/home/leonardo/Documents/computer_vision/project/include"/>
					<Add directory="/usr/local/include/opencv"/>
				</Compiler>
				<MakeCommands>
					<Build command="/usr/bin/make -f &quot;/home/leonardo/Documents/computer_vision/project/Makefile&quot;  VERBOSE=1 project_sartori/fast"/>
					<CompileFile command="/usr/bin/make -f &quot;/home/leonardo/Documents/computer_vision/project/Makefile&quot;  VERBOSE=1 &quot;$file&quot;"/>
					<Clean command="/usr/bin/make -f &quot;/home/leonardo/Documents/computer_vision/project/Makefile&quot;  VERBOSE=1 clean"/>
					<DistClean command="/usr/bin/make -f &quot;/home/leonardo/Documents/computer_vision/project/Makefile&quot;  VERBOSE=1 clean"/>
				</MakeCommands>
			</Target>
			<Target title="edit_cache">
				<Option working_dir="/home/leonardo/Documents/computer_vision/project"/>
				<Option type="4"/>
				<MakeCommands>
					<Build command="/usr/bin/make -f &quot;/home/leonardo/Documents/computer_vision/project/Makefile&quot;  VERBOSE=1 edit_cache"/>
					<CompileFile command="/usr/bin/make -f &quot;/home/leonardo/Documents/computer_vision/project/Makefile&quot;  VERBOSE=1 &quot;$file&quot;"/>
					<Clean command="/usr/bin/make -f &quot;/home/leonardo/Documents/computer_vision/project/Makefile&quot;  VERBOSE=1 clean"/>
					<DistClean command="/usr/bin/make -f &quot;/home/leonardo/Documents/computer_vision/project/Makefile&quot;  VERBOSE=1 clean"/>
				</MakeCommands>
			</Target>
		</Build>
		<Unit filename="/home/leonardo/Documents/computer_vision/project/src/main.cpp">
			<Option target="project_sartori"/>
		</Unit>
		<Unit filename="/home/leonardo/Documents/computer_vision/project/CMakeLists.txt">
			<Option virtualFolder="CMake Files\"/>
		</Unit>
		<Unit filename="/home/leonardo/Documents/computer_vision/project/../../../../../usr/local/share/OpenCV/OpenCVConfig-version.cmake">
			<Option virtualFolder="CMake Files\..\..\..\..\..\usr\local\share\OpenCV\"/>
		</Unit>
		<Unit filename="/home/leonardo/Documents/computer_vision/project/../../../../../usr/local/share/OpenCV/OpenCVConfig.cmake">
			<Option virtualFolder="CMake Files\..\..\..\..\..\usr\local\share\OpenCV\"/>
		</Unit>
		<Unit filename="/home/leonardo/Documents/computer_vision/project/../../../../../usr/local/share/OpenCV/OpenCVModules-release.cmake">
			<Option virtualFolder="CMake Files\..\..\..\..\..\usr\local\share\OpenCV\"/>
		</Unit>
		<Unit filename="/home/leonardo/Documents/computer_vision/project/../../../../../usr/local/share/OpenCV/OpenCVModules.cmake">
			<Option virtualFolder="CMake Files\..\..\..\..\..\usr\local\share\OpenCV\"/>
		</Unit>
	</Project>
</CodeBlocks_project_file>
